<?xml version="1.0" encoding="UTF-8" standalone="yes" ?>
<CodeBlocks_project_file>
	<FileVersion major="1" minor="6" />
	<Project>
		<Option title="BSCMeasurements" />
		<Option pch_mode="2" />
		<Option compiler="gcc" />
		<Build>
			<Target title="Debug">
				<Option output="bin/Debug/BSCMeasurements" prefix_auto="1" extension_auto="1" />
				<Option object_output="obj/Debug/" />
				<Option external_deps="C:/Program Files/IVI Foundation/VISA/Win64/Lib_x64/msc/visa32.lib;C:/Program Files/IVI Foundation/VISA/Win64/Lib_x64/msc/visa64.lib;" />
				<Option type="0" />
				<Option compiler="gcc" />
				<Compiler>
					<Add option="-g" />
				</Compiler>
				<ExtraCommands>
					<Add before="moc bsc.h -o moc_bsc.cpp" />
					<Add before="moc acquisition.h -o moc_acquisition.cpp" />
					<Add before="moc qcustomplot.h -o moc_qcustomplot.cpp" />
				</ExtraCommands>
			</Target>
			<Target title="Release">
				<Option output="bin/Release/BSCMeasurements" prefix_auto="1" extension_auto="1" />
				<Option object_output="obj/Release/" />
				<Option type="0" />
				<Option compiler="gcc" />
				<Compiler>
					<Add option="-O2" />
				</Compiler>
				<Linker>
					<Add option="-s" />
				</Linker>
			</Target>
		</Build>
		<Compiler>
			<Add option="-Wall" />
			<Add directory="C:/Qt/5.5/mingw492_32/include/QtGui" />
			<Add directory="C:/Qt/5.5/mingw492_32/include" />
			<Add directory="C:/Qt/5.5/mingw492_32/include/QtWidgets" />
			<Add directory="C:/Qt/5.5/mingw492_32/include/QtCore" />
			<Add directory="C:/Qt/5.5/mingw492_32/include/QtPrintSupport" />
			<Add directory="C:/Program Files (x86)/IVI Foundation/VISA/WinNT/lib/msc" />
			<Add directory="C:/Program Files (x86)/IVI Foundation/VISA/WinNT/Include" />
		</Compiler>
		<Linker>
			<Add library="C:\Qt\5.5\mingw492_32\lib\libQt5Gui.a" />
			<Add library="C:\Qt\5.5\mingw492_32\lib\libQt5Core.a" />
			<Add library="C:\Qt\5.5\mingw492_32\lib\libQt5OpenGL.a" />
			<Add library="C:\Qt\5.5\mingw492_32\lib\libQt5Widgets.a" />
			<Add library="C:\Qt\5.5\mingw492_32\lib\libQt5PrintSupport.a" />
			<Add library="C:\Qt\5.5\mingw492_32\lib\libQt5PrintSupportd.a" />
			<Add library="C:\Program Files (x86)\IVI Foundation\VISA\WinNT\lib\msc\visa32.lib" />
			<Add directory="C:/Qt/5.5/mingw492_32/lib" />
			<Add directory="C:/Qt/5.5/mingw492_32/lib/cmake" />
			<Add directory="C:/Program Files (x86)/IVI Foundation/VISA/WinNT/Include" />
			<Add directory="C:/Program Files (x86)/IVI Foundation/VISA/WinNT/lib/msc" />
		</Linker>
		<ExtraCommands>
			<Add before="moc bsc.h -o moc_bsc.cpp" />
			<Add before="moc acquisition.h -o moc_acquisition.cpp" />
			<Add before="moc qcustomplot.h -o moc_qcustomplot.cpp" />
		</ExtraCommands>
		<Unit filename="acquisition.cpp" />
		<Unit filename="acquisition.h" />
		<Unit filename="bsc.cpp" />
		<Unit filename="bsc.h" />
		<Unit filename="main.c">
			<Option compilerVar="CPP" />
		</Unit>
		<Unit filename="moc_acquisition.cpp" />
		<Unit filename="moc_bsc.cpp" />
		<Unit filename="moc_qcustomplot.cpp" />
		<Unit filename="motor.cpp" />
		<Unit filename="motor.h" />
		<Unit filename="qcustomplot.cpp" />
		<Unit filename="qcustomplot.h" />
		<Unit filename="scope.cpp" />
		<Unit filename="scope.h" />
		<Unit filename="settings.txt" />
		<Unit filename="settingsMotorScope.h" />
		<Unit filename="ui_bsc.h" />
		<Extensions>
			<code_completion />
			<envvars />
			<debugger />
			<lib_finder disable_auto="1" />
		</Extensions>
	</Project>
</CodeBlocks_project_file>
